# This file is automatically @generated by Cargo.
# It is not intended for manual editing.
version = 4

[[package]]
name = "sp"
version = "0.1.0"

[[package]]
name = "sphatik-comp"
version = "0.1.0"

[[package]]
name = "sphatik-shell"
version = "0.1.0"

[[package]]
name = "sphatik-ui"
version = "0.1.0"

[[package]]
name = "sphatikd"
version = "0.1.0"
